
Microsoft Visual Studio Solution File, Format Version 12.00
# Visual Studio Version 17
VisualStudioVersion = 17.7.34024.191
MinimumVisualStudioVersion = 10.0.40219.1
Project("{FAE04EC0-301F-11D3-BF4B-00C04F79EFBC}") = "JobProbes", "JobProbes\JobProbes.csproj", "{75B47227-3D1C-4F31-AAAA-4D7DF5C82C96}"
EndProject
Global
	GlobalSection(SolutionConfigurationPlatforms) = preSolution
		Debug|Any CPU = Debug|Any CPU
		Release|Any CPU = Release|Any CPU
	EndGlobalSection
	GlobalSection(ProjectConfigurationPlatforms) = postSolution
		{75B47227-3D1C-4F31-AAAA-4D7DF5C82C96}.Debug|Any CPU.ActiveCfg = Debug|Any CPU
		{75B47227-3D1C-4F31-AAAA-4D7DF5C82C96}.Debug|Any CPU.Build.0 = Debug|Any CPU
		{75B47227-3D1C-4F31-AAAA-4D7DF5C82C96}.Release|Any CPU.ActiveCfg = Release|Any CPU
		{75B47227-3D1C-4F31-AAAA-4D7DF5C82C96}.Release|Any CPU.Build.0 = Release|Any CPU
	EndGlobalSection
	GlobalSection(SolutionProperties) = preSolution
		HideSolutionNode = FALSE
	EndGlobalSection
	GlobalSection(ExtensibilityGlobals) = postSolution
		SolutionGuid = {2196AB00-D987-41CC-93F6-B74A22A0371B}
	EndGlobalSection
EndGlobal
